
Microsoft Visual Studio Solution File, Format Version 12.00
# Visual Studio Version 16
VisualStudioVersion = 16.0.29403.142
MinimumVisualStudioVersion = 10.0.40219.1
Project("{9A19103F-16F7-4668-BE54-9A1E7A4F7556}") = "FaturaWeb_", "FaturaWeb_\FaturaWeb_.csproj", "{39745EE4-1E5C-4A50-B771-E33CED3F29EC}"
EndProject
Project("{9A19103F-16F7-4668-BE54-9A1E7A4F7556}") = "Entities", "..\FATURA\Entities\Entities.csproj", "{02D7AA92-5A73-4834-AF1C-E544E756D1E0}"
EndProject
Project("{9A19103F-16F7-4668-BE54-9A1E7A4F7556}") = "FATURA.Business", "..\FATURA\FATURA.Business\FATURA.Business.csproj", "{B03535D2-9D13-4B8D-BB4B-11AA84955823}"
EndProject
Project("{9A19103F-16F7-4668-BE54-9A1E7A4F7556}") = "FATURA.Core", "..\FATURA\FATURA.Core\FATURA.Core.csproj", "{A41C0FF5-FBED-4A3B-A1F4-48A3B3947076}"
EndProject
Project("{9A19103F-16F7-4668-BE54-9A1E7A4F7556}") = "FATURA.DataAccess", "..\FATURA\FATURA.DataAccess\FATURA.DataAccess.csproj", "{B1727D62-87C1-4BE4-B409-E10EBAEB730C}"
EndProject
Global
	GlobalSection(SolutionConfigurationPlatforms) = preSolution
		Debug|Any CPU = Debug|Any CPU
		Release|Any CPU = Release|Any CPU
	EndGlobalSection
	GlobalSection(ProjectConfigurationPlatforms) = postSolution
		{39745EE4-1E5C-4A50-B771-E33CED3F29EC}.Debug|Any CPU.ActiveCfg = Debug|Any CPU
		{39745EE4-1E5C-4A50-B771-E33CED3F29EC}.Debug|Any CPU.Build.0 = Debug|Any CPU
		{39745EE4-1E5C-4A50-B771-E33CED3F29EC}.Release|Any CPU.ActiveCfg = Release|Any CPU
		{39745EE4-1E5C-4A50-B771-E33CED3F29EC}.Release|Any CPU.Build.0 = Release|Any CPU
		{02D7AA92-5A73-4834-AF1C-E544E756D1E0}.Debug|Any CPU.ActiveCfg = Debug|Any CPU
		{02D7AA92-5A73-4834-AF1C-E544E756D1E0}.Debug|Any CPU.Build.0 = Debug|Any CPU
		{02D7AA92-5A73-4834-AF1C-E544E756D1E0}.Release|Any CPU.ActiveCfg = Release|Any CPU
		{02D7AA92-5A73-4834-AF1C-E544E756D1E0}.Release|Any CPU.Build.0 = Release|Any CPU
		{B03535D2-9D13-4B8D-BB4B-11AA84955823}.Debug|Any CPU.ActiveCfg = Debug|Any CPU
		{B03535D2-9D13-4B8D-BB4B-11AA84955823}.Debug|Any CPU.Build.0 = Debug|Any CPU
		{B03535D2-9D13-4B8D-BB4B-11AA84955823}.Release|Any CPU.ActiveCfg = Release|Any CPU
		{B03535D2-9D13-4B8D-BB4B-11AA84955823}.Release|Any CPU.Build.0 = Release|Any CPU
		{A41C0FF5-FBED-4A3B-A1F4-48A3B3947076}.Debug|Any CPU.ActiveCfg = Debug|Any CPU
		{A41C0FF5-FBED-4A3B-A1F4-48A3B3947076}.Debug|Any CPU.Build.0 = Debug|Any CPU
		{A41C0FF5-FBED-4A3B-A1F4-48A3B3947076}.Release|Any CPU.ActiveCfg = Release|Any CPU
		{A41C0FF5-FBED-4A3B-A1F4-48A3B3947076}.Release|Any CPU.Build.0 = Release|Any CPU
		{B1727D62-87C1-4BE4-B409-E10EBAEB730C}.Debug|Any CPU.ActiveCfg = Debug|Any CPU
		{B1727D62-87C1-4BE4-B409-E10EBAEB730C}.Debug|Any CPU.Build.0 = Debug|Any CPU
		{B1727D62-87C1-4BE4-B409-E10EBAEB730C}.Release|Any CPU.ActiveCfg = Release|Any CPU
		{B1727D62-87C1-4BE4-B409-E10EBAEB730C}.Release|Any CPU.Build.0 = Release|Any CPU
	EndGlobalSection
	GlobalSection(SolutionProperties) = preSolution
		HideSolutionNode = FALSE
	EndGlobalSection
	GlobalSection(ExtensibilityGlobals) = postSolution
		SolutionGuid = {2921B75E-82F7-4B27-AA61-E8BC584B49D6}
	EndGlobalSection
EndGlobal
